
Microsoft Visual Studio Solution File, Format Version 12.00
# Visual Studio Version 17
VisualStudioVersion = 17.12.35707.178 d17.12
MinimumVisualStudioVersion = 10.0.40219.1
Project("{8BC9CEB8-8B4A-11D0-8D11-00A0C91BC942}") = "BFS ka alogrithm code in C++", "BFS ka alogrithm code in C++\BFS ka alogrithm code in C++.vcxproj", "{E44C4D14-B7F3-4130-9D1B-3A82B1DBAB09}"
EndProject
Global
	GlobalSection(SolutionConfigurationPlatforms) = preSolution
		Debug|x64 = Debug|x64
		Debug|x86 = Debug|x86
		Release|x64 = Release|x64
		Release|x86 = Release|x86
	EndGlobalSection
	GlobalSection(ProjectConfigurationPlatforms) = postSolution
		{E44C4D14-B7F3-4130-9D1B-3A82B1DBAB09}.Debug|x64.ActiveCfg = Debug|x64
		{E44C4D14-B7F3-4130-9D1B-3A82B1DBAB09}.Debug|x64.Build.0 = Debug|x64
		{E44C4D14-B7F3-4130-9D1B-3A82B1DBAB09}.Debug|x86.ActiveCfg = Debug|Win32
		{E44C4D14-B7F3-4130-9D1B-3A82B1DBAB09}.Debug|x86.Build.0 = Debug|Win32
		{E44C4D14-B7F3-4130-9D1B-3A82B1DBAB09}.Release|x64.ActiveCfg = Release|x64
		{E44C4D14-B7F3-4130-9D1B-3A82B1DBAB09}.Release|x64.Build.0 = Release|x64
		{E44C4D14-B7F3-4130-9D1B-3A82B1DBAB09}.Release|x86.ActiveCfg = Release|Win32
		{E44C4D14-B7F3-4130-9D1B-3A82B1DBAB09}.Release|x86.Build.0 = Release|Win32
	EndGlobalSection
	GlobalSection(SolutionProperties) = preSolution
		HideSolutionNode = FALSE
	EndGlobalSection
EndGlobal
